// !$*UTF8*$!
{
	archiveVersion = 1;
	classes = {
	};
	objectVersion = 55;
	objects = {

/* Begin PBXBuildFile section */
		3F87243929C3A84000874E24 /* iss_trackerApp.swift in Sources */ = {isa = PBXBuildFile; fileRef = 3F87243829C3A84000874E24 /* iss_trackerApp.swift */; };
		3F87243B29C3A84000874E24 /* ContentView.swift in Sources */ = {isa = PBXBuildFile; fileRef = 3F87243A29C3A84000874E24 /* ContentView.swift */; };
		3F87243D29C3A84300874E24 /* Assets.xcassets in Resources */ = {isa = PBXBuildFile; fileRef = 3F87243C29C3A84300874E24 /* Assets.xcassets */; };
		3F87244029C3A84300874E24 /* Preview Assets.xcassets in Resources */ = {isa = PBXBuildFile; fileRef = 3F87243F29C3A84300874E24 /* Preview Assets.xcassets */; };
		3F87244A29C3A84300874E24 /* iss_trackerTests.swift in Sources */ = {isa = PBXBuildFile; fileRef = 3F87244929C3A84300874E24 /* iss_trackerTests.swift */; };
		3F87245429C3A84300874E24 /* iss_trackerUITests.swift in Sources */ = {isa = PBXBuildFile; fileRef = 3F87245329C3A84300874E24 /* iss_trackerUITests.swift */; };
		3F87245629C3A84300874E24 /* iss_trackerUITestsLaunchTests.swift in Sources */ = {isa = PBXBuildFile; fileRef = 3F87245529C3A84300874E24 /* iss_trackerUITestsLaunchTests.swift */; };
		3F87246429C3C49B00874E24 /* model.swift in Sources */ = {isa = PBXBuildFile; fileRef = 3F87246329C3C49B00874E24 /* model.swift */; };
		3F87246529C3C49B00874E24 /* model.swift in Sources */ = {isa = PBXBuildFile; fileRef = 3F87246329C3C49B00874E24 /* model.swift */; };
		3F87246629C3C49B00874E24 /* model.swift in Sources */ = {isa = PBXBuildFile; fileRef = 3F87246329C3C49B00874E24 /* model.swift */; };
		3F87246829C3C88500874E24 /* networkManager.swift in Sources */ = {isa = PBXBuildFile; fileRef = 3F87246729C3C88500874E24 /* networkManager.swift */; };
		3F87246929C3C88500874E24 /* networkManager.swift in Sources */ = {isa = PBXBuildFile; fileRef = 3F87246729C3C88500874E24 /* networkManager.swift */; };
		3F87246A29C3C88500874E24 /* networkManager.swift in Sources */ = {isa = PBXBuildFile; fileRef = 3F87246729C3C88500874E24 /* networkManager.swift */; };
/* End PBXBuildFile section */

/* Begin PBXContainerItemProxy section */
		3F87244629C3A84300874E24 /* PBXContainerItemProxy */ = {
			isa = PBXContainerItemProxy;
			containerPortal = 3F87242D29C3A84000874E24 /* Project object */;
			proxyType = 1;
			remoteGlobalIDString = 3F87243429C3A84000874E24;
			remoteInfo = "iss-tracker";
		};
		3F87245029C3A84300874E24 /* PBXContainerItemProxy */ = {
			isa = PBXContainerItemProxy;
			containerPortal = 3F87242D29C3A84000874E24 /* Project object */;
			proxyType = 1;
			remoteGlobalIDString = 3F87243429C3A84000874E24;
			remoteInfo = "iss-tracker";
		};
/* End PBXContainerItemProxy section */

/* Begin PBXFileReference section */
		3F87243529C3A84000874E24 /* iss-tracker.app */ = {isa = PBXFileReference; explicitFileType = wrapper.application; includeInIndex = 0; path = "iss-tracker.app"; sourceTree = BUILT_PRODUCTS_DIR; };
		3F87243829C3A84000874E24 /* iss_trackerApp.swift */ = {isa = PBXFileReference; lastKnownFileType = sourcecode.swift; path = iss_trackerApp.swift; sourceTree = "<group>"; };
		3F87243A29C3A84000874E24 /* ContentView.swift */ = {isa = PBXFileReference; lastKnownFileType = sourcecode.swift; path = ContentView.swift; sourceTree = "<group>"; };
		3F87243C29C3A84300874E24 /* Assets.xcassets */ = {isa = PBXFileReference; lastKnownFileType = folder.assetcatalog; path = Assets.xcassets; sourceTree = "<group>"; };
		3F87243F29C3A84300874E24 /* Preview Assets.xcassets */ = {isa = PBXFileReference; lastKnownFileType = folder.assetcatalog; path = "Preview Assets.xcassets"; sourceTree = "<group>"; };
		3F87244529C3A84300874E24 /* iss-trackerTests.xctest */ = {isa = PBXFileReference; explicitFileType = wrapper.cfbundle; includeInIndex = 0; path = "iss-trackerTests.xctest"; sourceTree = BUILT_PRODUCTS_DIR; };
		3F87244929C3A84300874E24 /* iss_trackerTests.swift */ = {isa = PBXFileReference; lastKnownFileType = sourcecode.swift; path = iss_trackerTests.swift; sourceTree = "<group>"; };
		3F87244F29C3A84300874E24 /* iss-trackerUITests.xctest */ = {isa = PBXFileReference; explicitFileType = wrapper.cfbundle; includeInIndex = 0; path = "iss-trackerUITests.xctest"; sourceTree = BUILT_PRODUCTS_DIR; };
		3F87245329C3A84300874E24 /* iss_trackerUITests.swift */ = {isa = PBXFileReference; lastKnownFileType = sourcecode.swift; path = iss_trackerUITests.swift; sourceTree = "<group>"; };
		3F87245529C3A84300874E24 /* iss_trackerUITestsLaunchTests.swift */ = {isa = PBXFileReference; lastKnownFileType = sourcecode.swift; path = iss_trackerUITestsLaunchTests.swift; sourceTree = "<group>"; };
		3F87246329C3C49B00874E24 /* model.swift */ = {isa = PBXFileReference; lastKnownFileType = sourcecode.swift; path = model.swift; sourceTree = "<group>"; };
		3F87246729C3C88500874E24 /* networkManager.swift */ = {isa = PBXFileReference; lastKnownFileType = sourcecode.swift; path = networkManager.swift; sourceTree = "<group>"; };
/* End PBXFileReference section */

/* Begin PBXFrameworksBuildPhase section */
		3F87243229C3A84000874E24 /* Frameworks */ = {
			isa = PBXFrameworksBuildPhase;
			buildActionMask = 2147483647;
			files = (
			);
			runOnlyForDeploymentPostprocessing = 0;
		};
		3F87244229C3A84300874E24 /* Frameworks */ = {
			isa = PBXFrameworksBuildPhase;
			buildActionMask = 2147483647;
			files = (
			);
			runOnlyForDeploymentPostprocessing = 0;
		};
		3F87244C29C3A84300874E24 /* Frameworks */ = {
			isa = PBXFrameworksBuildPhase;
			buildActionMask = 2147483647;
			files = (
			);
			runOnlyForDeploymentPostprocessing = 0;
		};
/* End PBXFrameworksBuildPhase section */

/* Begin PBXGroup section */
		3F87242C29C3A84000874E24 = {
			isa = PBXGroup;
			children = (
				3F87243729C3A84000874E24 /* iss-tracker */,
				3F87244829C3A84300874E24 /* iss-trackerTests */,
				3F87245229C3A84300874E24 /* iss-trackerUITests */,
				3F87243629C3A84000874E24 /* Products */,
			);
			sourceTree = "<group>";
		};
		3F87243629C3A84000874E24 /* Products */ = {
			isa = PBXGroup;
			children = (
				3F87243529C3A84000874E24 /* iss-tracker.app */,
				3F87244529C3A84300874E24 /* iss-trackerTests.xctest */,
				3F87244F29C3A84300874E24 /* iss-trackerUITests.xctest */,
			);
			name = Products;
			sourceTree = "<group>";
		};
		3F87243729C3A84000874E24 /* iss-tracker */ = {
			isa = PBXGroup;
			children = (
				3F87246229C3C47100874E24 /* models */,
				3F87243829C3A84000874E24 /* iss_trackerApp.swift */,
				3F87243C29C3A84300874E24 /* Assets.xcassets */,
				3F87243A29C3A84000874E24 /* ContentView.swift */,
				3F87243E29C3A84300874E24 /* Preview Content */,
				3F87246729C3C88500874E24 /* networkManager.swift */,
			);
			path = "iss-tracker";
			sourceTree = "<group>";
		};
		3F87243E29C3A84300874E24 /* Preview Content */ = {
			isa = PBXGroup;
			children = (
				3F87243F29C3A84300874E24 /* Preview Assets.xcassets */,
			);
			path = "Preview Content";
			sourceTree = "<group>";
		};
		3F87244829C3A84300874E24 /* iss-trackerTests */ = {
			isa = PBXGroup;
			children = (
				3F87244929C3A84300874E24 /* iss_trackerTests.swift */,
			);
			path = "iss-trackerTests";
			sourceTree = "<group>";
		};
		3F87245229C3A84300874E24 /* iss-trackerUITests */ = {
			isa = PBXGroup;
			children = (
				3F87245329C3A84300874E24 /* iss_trackerUITests.swift */,
				3F87245529C3A84300874E24 /* iss_trackerUITestsLaunchTests.swift */,
			);
			path = "iss-trackerUITests";
			sourceTree = "<group>";
		};
		3F87246229C3C47100874E24 /* models */ = {
			isa = PBXGroup;
			children = (
				3F87246329C3C49B00874E24 /* model.swift */,
			);
			path = models;
			sourceTree = "<group>";
		};
/* End PBXGroup section */

/* Begin PBXNativeTarget section */
		3F87243429C3A84000874E24 /* iss-tracker */ = {
			isa = PBXNativeTarget;
			buildConfigurationList = 3F87245929C3A84300874E24 /* Build configuration list for PBXNativeTarget "iss-tracker" */;
			buildPhases = (
				3F87243129C3A84000874E24 /* Sources */,
				3F87243229C3A84000874E24 /* Frameworks */,
				3F87243329C3A84000874E24 /* Resources */,
			);
			buildRules = (
			);
			dependencies = (
			);
			name = "iss-tracker";
			productName = "iss-tracker";
			productReference = 3F87243529C3A84000874E24 /* iss-tracker.app */;
			productType = "com.apple.product-type.application";
		};
		3F87244429C3A84300874E24 /* iss-trackerTests */ = {
			isa = PBXNativeTarget;
			buildConfigurationList = 3F87245C29C3A84300874E24 /* Build configuration list for PBXNativeTarget "iss-trackerTests" */;
			buildPhases = (
				3F87244129C3A84300874E24 /* Sources */,
				3F87244229C3A84300874E24 /* Frameworks */,
				3F87244329C3A84300874E24 /* Resources */,
			);
			buildRules = (
			);
			dependencies = (
				3F87244729C3A84300874E24 /* PBXTargetDependency */,
			);
			name = "iss-trackerTests";
			productName = "iss-trackerTests";
			productReference = 3F87244529C3A84300874E24 /* iss-trackerTests.xctest */;
			productType = "com.apple.product-type.bundle.unit-test";
		};
		3F87244E29C3A84300874E24 /* iss-trackerUITests */ = {
			isa = PBXNativeTarget;
			buildConfigurationList = 3F87245F29C3A84300874E24 /* Build configuration list for PBXNativeTarget "iss-trackerUITests" */;
			buildPhases = (
				3F87244B29C3A84300874E24 /* Sources */,
				3F87244C29C3A84300874E24 /* Frameworks */,
				3F87244D29C3A84300874E24 /* Resources */,
			);
			buildRules = (
			);
			dependencies = (
				3F87245129C3A84300874E24 /* PBXTargetDependency */,
			);
			name = "iss-trackerUITests";
			productName = "iss-trackerUITests";
			productReference = 3F87244F29C3A84300874E24 /* iss-trackerUITests.xctest */;
			productType = "com.apple.product-type.bundle.ui-testing";
		};
/* End PBXNativeTarget section */

/* Begin PBXProject section */
		3F87242D29C3A84000874E24 /* Project object */ = {
			isa = PBXProject;
			attributes = {
				BuildIndependentTargetsInParallel = 1;
				LastSwiftUpdateCheck = 1340;
				LastUpgradeCheck = 1340;
				TargetAttributes = {
					3F87243429C3A84000874E24 = {
						CreatedOnToolsVersion = 13.4.1;
					};
					3F87244429C3A84300874E24 = {
						CreatedOnToolsVersion = 13.4.1;
						TestTargetID = 3F87243429C3A84000874E24;
					};
					3F87244E29C3A84300874E24 = {
						CreatedOnToolsVersion = 13.4.1;
						TestTargetID = 3F87243429C3A84000874E24;
					};
				};
			};
			buildConfigurationList = 3F87243029C3A84000874E24 /* Build configuration list for PBXProject "iss-tracker" */;
			compatibilityVersion = "Xcode 13.0";
			developmentRegion = en;
			hasScannedForEncodings = 0;
			knownRegions = (
				en,
				Base,
			);
			mainGroup = 3F87242C29C3A84000874E24;
			productRefGroup = 3F87243629C3A84000874E24 /* Products */;
			projectDirPath = "";
			projectRoot = "";
			targets = (
				3F87243429C3A84000874E24 /* iss-tracker */,
				3F87244429C3A84300874E24 /* iss-trackerTests */,
				3F87244E29C3A84300874E24 /* iss-trackerUITests */,
			);
		};
/* End PBXProject section */

/* Begin PBXResourcesBuildPhase section */
		3F87243329C3A84000874E24 /* Resources */ = {
			isa = PBXResourcesBuildPhase;
			buildActionMask = 2147483647;
			files = (
				3F87244029C3A84300874E24 /* Preview Assets.xcassets in Resources */,
				3F87243D29C3A84300874E24 /* Assets.xcassets in Resources */,
			);
			runOnlyForDeploymentPostprocessing = 0;
		};
		3F87244329C3A84300874E24 /* Resources */ = {
			isa = PBXResourcesBuildPhase;
			buildActionMask = 2147483647;
			files = (
			);
			runOnlyForDeploymentPostprocessing = 0;
		};
		3F87244D29C3A84300874E24 /* Resources */ = {
			isa = PBXResourcesBuildPhase;
			buildActionMask = 2147483647;
			files = (
			);
			runOnlyForDeploymentPostprocessing = 0;
		};
/* End PBXResourcesBuildPhase section */

/* Begin PBXSourcesBuildPhase section */
		3F87243129C3A84000874E24 /* Sources */ = {
			isa = PBXSourcesBuildPhase;
			buildActionMask = 2147483647;
			files = (
				3F87246829C3C88500874E24 /* networkManager.swift in Sources */,
				3F87243B29C3A84000874E24 /* ContentView.swift in Sources */,
				3F87246429C3C49B00874E24 /* model.swift in Sources */,
				3F87243929C3A84000874E24 /* iss_trackerApp.swift in Sources */,
			);
			runOnlyForDeploymentPostprocessing = 0;
		};
		3F87244129C3A84300874E24 /* Sources */ = {
			isa = PBXSourcesBuildPhase;
			buildActionMask = 2147483647;
			files = (
				3F87246929C3C88500874E24 /* networkManager.swift in Sources */,
				3F87244A29C3A84300874E24 /* iss_trackerTests.swift in Sources */,
				3F87246529C3C49B00874E24 /* model.swift in Sources */,
			);
			runOnlyForDeploymentPostprocessing = 0;
		};
		3F87244B29C3A84300874E24 /* Sources */ = {
			isa = PBXSourcesBuildPhase;
			buildActionMask = 2147483647;
			files = (
				3F87246A29C3C88500874E24 /* networkManager.swift in Sources */,
				3F87245429C3A84300874E24 /* iss_trackerUITests.swift in Sources */,
				3F87246629C3C49B00874E24 /* model.swift in Sources */,
				3F87245629C3A84300874E24 /* iss_trackerUITestsLaunchTests.swift in Sources */,
			);
			runOnlyForDeploymentPostprocessing = 0;
		};
/* End PBXSourcesBuildPhase section */

/* Begin PBXTargetDependency section */
		3F87244729C3A84300874E24 /* PBXTargetDependency */ = {
			isa = PBXTargetDependency;
			target = 3F87243429C3A84000874E24 /* iss-tracker */;
			targetProxy = 3F87244629C3A84300874E24 /* PBXContainerItemProxy */;
		};
		3F87245129C3A84300874E24 /* PBXTargetDependency */ = {
			isa = PBXTargetDependency;
			target = 3F87243429C3A84000874E24 /* iss-tracker */;
			targetProxy = 3F87245029C3A84300874E24 /* PBXContainerItemProxy */;
		};
/* End PBXTargetDependency section */

/* Begin XCBuildConfiguration section */
		3F87245729C3A84300874E24 /* Debug */ = {
			isa = XCBuildConfiguration;
			buildSettings = {
				ALWAYS_SEARCH_USER_PATHS = NO;
				CLANG_ANALYZER_NONNULL = YES;
				CLANG_ANALYZER_NUMBER_OBJECT_CONVERSION = YES_AGGRESSIVE;
				CLANG_CXX_LANGUAGE_STANDARD = "gnu++17";
				CLANG_ENABLE_MODULES = YES;
				CLANG_ENABLE_OBJC_ARC = YES;
				CLANG_ENABLE_OBJC_WEAK = YES;
				CLANG_WARN_BLOCK_CAPTURE_AUTORELEASING = YES;
				CLANG_WARN_BOOL_CONVERSION = YES;
				CLANG_WARN_COMMA = YES;
				CLANG_WARN_CONSTANT_CONVERSION = YES;
				CLANG_WARN_DEPRECATED_OBJC_IMPLEMENTATIONS = YES;
				CLANG_WARN_DIRECT_OBJC_ISA_USAGE = YES_ERROR;
				CLANG_WARN_DOCUMENTATION_COMMENTS = YES;
				CLANG_WARN_EMPTY_BODY = YES;
				CLANG_WARN_ENUM_CONVERSION = YES;
				CLANG_WARN_INFINITE_RECURSION = YES;
				CLANG_WARN_INT_CONVERSION = YES;
				CLANG_WARN_NON_LITERAL_NULL_CONVERSION = YES;
				CLANG_WARN_OBJC_IMPLICIT_RETAIN_SELF = YES;
				CLANG_WARN_OBJC_LITERAL_CONVERSION = YES;
				CLANG_WARN_OBJC_ROOT_CLASS = YES_ERROR;
				CLANG_WARN_QUOTED_INCLUDE_IN_FRAMEWORK_HEADER = YES;
				CLANG_WARN_RANGE_LOOP_ANALYSIS = YES;
				CLANG_WARN_STRICT_PROTOTYPES = YES;
				CLANG_WARN_SUSPICIOUS_MOVE = YES;
				CLANG_WARN_UNGUARDED_AVAILABILITY = YES_AGGRESSIVE;
				CLANG_WARN_UNREACHABLE_CODE = YES;
				CLANG_WARN__DUPLICATE_METHOD_MATCH = YES;
				COPY_PHASE_STRIP = NO;
				DEBUG_INFORMATION_FORMAT = dwarf;
				ENABLE_STRICT_OBJC_MSGSEND = YES;
				ENABLE_TESTABILITY = YES;
				GCC_C_LANGUAGE_STANDARD = gnu11;
				GCC_DYNAMIC_NO_PIC = NO;
				GCC_NO_COMMON_BLOCKS = YES;
				GCC_OPTIMIZATION_LEVEL = 0;
				GCC_PREPROCESSOR_DEFINITIONS = (
					"DEBUG=1",
					"$(inherited)",
				);
				GCC_WARN_64_TO_32_BIT_CONVERSION = YES;
				GCC_WARN_ABOUT_RETURN_TYPE = YES_ERROR;
				GCC_WARN_UNDECLARED_SELECTOR = YES;
				GCC_WARN_UNINITIALIZED_AUTOS = YES_AGGRESSIVE;
				GCC_WARN_UNUSED_FUNCTION = YES;
				GCC_WARN_UNUSED_VARIABLE = YES;
				IPHONEOS_DEPLOYMENT_TARGET = 15.5;
				MTL_ENABLE_DEBUG_INFO = INCLUDE_SOURCE;
				MTL_FAST_MATH = YES;
				ONLY_ACTIVE_ARCH = YES;
				SDKROOT = iphoneos;
				SWIFT_ACTIVE_COMPILATION_CONDITIONS = DEBUG;
				SWIFT_OPTIMIZATION_LEVEL = "-Onone";
			};
			name = Debug;
		};
		3F87245829C3A84300874E24 /* Release */ = {
			isa = XCBuildConfiguration;
			buildSettings = {
				ALWAYS_SEARCH_USER_PATHS = NO;
				CLANG_ANALYZER_NONNULL = YES;
				CLANG_ANALYZER_NUMBER_OBJECT_CONVERSION = YES_AGGRESSIVE;
				CLANG_CXX_LANGUAGE_STANDARD = "gnu++17";
				CLANG_ENABLE_MODULES = YES;
				CLANG_ENABLE_OBJC_ARC = YES;
				CLANG_ENABLE_OBJC_WEAK = YES;
				CLANG_WARN_BLOCK_CAPTURE_AUTORELEASING = YES;
				CLANG_WARN_BOOL_CONVERSION = YES;
				CLANG_WARN_COMMA = YES;
				CLANG_WARN_CONSTANT_CONVERSION = YES;
				CLANG_WARN_DEPRECATED_OBJC_IMPLEMENTATIONS = YES;
				CLANG_WARN_DIRECT_OBJC_ISA_USAGE = YES_ERROR;
				CLANG_WARN_DOCUMENTATION_COMMENTS = YES;
				CLANG_WARN_EMPTY_BODY = YES;
				CLANG_WARN_ENUM_CONVERSION = YES;
				CLANG_WARN_INFINITE_RECURSION = YES;
				CLANG_WARN_INT_CONVERSION = YES;
				CLANG_WARN_NON_LITERAL_NULL_CONVERSION = YES;
				CLANG_WARN_OBJC_IMPLICIT_RETAIN_SELF = YES;
				CLANG_WARN_OBJC_LITERAL_CONVERSION = YES;
				CLANG_WARN_OBJC_ROOT_CLASS = YES_ERROR;
				CLANG_WARN_QUOTED_INCLUDE_IN_FRAMEWORK_HEADER = YES;
				CLANG_WARN_RANGE_LOOP_ANALYSIS = YES;
				CLANG_WARN_STRICT_PROTOTYPES = YES;
				CLANG_WARN_SUSPICIOUS_MOVE = YES;
				CLANG_WARN_UNGUARDED_AVAILABILITY = YES_AGGRESSIVE;
				CLANG_WARN_UNREACHABLE_CODE = YES;
				CLANG_WARN__DUPLICATE_METHOD_MATCH = YES;
				COPY_PHASE_STRIP = NO;
				DEBUG_INFORMATION_FORMAT = "dwarf-with-dsym";
				ENABLE_NS_ASSERTIONS = NO;
				ENABLE_STRICT_OBJC_MSGSEND = YES;
				GCC_C_LANGUAGE_STANDARD = gnu11;
				GCC_NO_COMMON_BLOCKS = YES;
				GCC_WARN_64_TO_32_BIT_CONVERSION = YES;
				GCC_WARN_ABOUT_RETURN_TYPE = YES_ERROR;
				GCC_WARN_UNDECLARED_SELECTOR = YES;
				GCC_WARN_UNINITIALIZED_AUTOS = YES_AGGRESSIVE;
				GCC_WARN_UNUSED_FUNCTION = YES;
				GCC_WARN_UNUSED_VARIABLE = YES;
				IPHONEOS_DEPLOYMENT_TARGET = 15.5;
				MTL_ENABLE_DEBUG_INFO = NO;
				MTL_FAST_MATH = YES;
				SDKROOT = iphoneos;
				SWIFT_COMPILATION_MODE = wholemodule;
				SWIFT_OPTIMIZATION_LEVEL = "-O";
				VALIDATE_PRODUCT = YES;
			};
			name = Release;
		};
		3F87245A29C3A84300874E24 /* Debug */ = {
			isa = XCBuildConfiguration;
			buildSettings = {
				ASSETCATALOG_COMPILER_APPICON_NAME = AppIcon;
				ASSETCATALOG_COMPILER_GLOBAL_ACCENT_COLOR_NAME = AccentColor;
				CODE_SIGN_STYLE = Automatic;
				CURRENT_PROJECT_VERSION = 1;
				DEVELOPMENT_ASSET_PATHS = "\"iss-tracker/Preview Content\"";
				ENABLE_PREVIEWS = YES;
				GENERATE_INFOPLIST_FILE = YES;
				INFOPLIST_KEY_UIApplicationSceneManifest_Generation = YES;
				INFOPLIST_KEY_UIApplicationSupportsIndirectInputEvents = YES;
				INFOPLIST_KEY_UILaunchScreen_Generation = YES;
				INFOPLIST_KEY_UISupportedInterfaceOrientations_iPad = "UIInterfaceOrientationPortrait UIInterfaceOrientationPortraitUpsideDown UIInterfaceOrientationLandscapeLeft UIInterfaceOrientationLandscapeRight";
				INFOPLIST_KEY_UISupportedInterfaceOrientations_iPhone = "UIInterfaceOrientationPortrait UIInterfaceOrientationLandscapeLeft UIInterfaceOrientationLandscapeRight";
				LD_RUNPATH_SEARCH_PATHS = (
					"$(inherited)",
					"@executable_path/Frameworks",
				);
				MARKETING_VERSION = 1.0;
				PRODUCT_BUNDLE_IDENTIFIER = "ahsan.dev.iss-tracker";
				PRODUCT_NAME = "$(TARGET_NAME)";
				SWIFT_EMIT_LOC_STRINGS = YES;
				SWIFT_VERSION = 5.0;
				TARGETED_DEVICE_FAMILY = "1,2";
			};
			name = Debug;
		};
		3F87245B29C3A84300874E24 /* Release */ = {
			isa = XCBuildConfiguration;
			buildSettings = {
				ASSETCATALOG_COMPILER_APPICON_NAME = AppIcon;
				ASSETCATALOG_COMPILER_GLOBAL_ACCENT_COLOR_NAME = AccentColor;
				CODE_SIGN_STYLE = Automatic;
				CURRENT_PROJECT_VERSION = 1;
				DEVELOPMENT_ASSET_PATHS = "\"iss-tracker/Preview Content\"";
				ENABLE_PREVIEWS = YES;
				GENERATE_INFOPLIST_FILE = YES;
				INFOPLIST_KEY_UIApplicationSceneManifest_Generation = YES;
				INFOPLIST_KEY_UIApplicationSupportsIndirectInputEvents = YES;
				INFOPLIST_KEY_UILaunchScreen_Generation = YES;
				INFOPLIST_KEY_UISupportedInterfaceOrientations_iPad = "UIInterfaceOrientationPortrait UIInterfaceOrientationPortraitUpsideDown UIInterfaceOrientationLandscapeLeft UIInterfaceOrientationLandscapeRight";
				INFOPLIST_KEY_UISupportedInterfaceOrientations_iPhone = "UIInterfaceOrientationPortrait UIInterfaceOrientationLandscapeLeft UIInterfaceOrientationLandscapeRight";
				LD_RUNPATH_SEARCH_PATHS = (
					"$(inherited)",
					"@executable_path/Frameworks",
				);
				MARKETING_VERSION = 1.0;
				PRODUCT_BUNDLE_IDENTIFIER = "ahsan.dev.iss-tracker";
				PRODUCT_NAME = "$(TARGET_NAME)";
				SWIFT_EMIT_LOC_STRINGS = YES;
				SWIFT_VERSION = 5.0;
				TARGETED_DEVICE_FAMILY = "1,2";
			};
			name = Release;
		};
		3F87245D29C3A84300874E24 /* Debug */ = {
			isa = XCBuildConfiguration;
			buildSettings = {
				ALWAYS_EMBED_SWIFT_STANDARD_LIBRARIES = YES;
				BUNDLE_LOADER = "$(TEST_HOST)";
				CODE_SIGN_STYLE = Automatic;
				CURRENT_PROJECT_VERSION = 1;
				GENERATE_INFOPLIST_FILE = YES;
				IPHONEOS_DEPLOYMENT_TARGET = 15.5;
				MARKETING_VERSION = 1.0;
				PRODUCT_BUNDLE_IDENTIFIER = "ahsan.dev.iss-trackerTests";
				PRODUCT_NAME = "$(TARGET_NAME)";
				SWIFT_EMIT_LOC_STRINGS = NO;
				SWIFT_VERSION = 5.0;
				TARGETED_DEVICE_FAMILY = "1,2";
				TEST_HOST = "$(BUILT_PRODUCTS_DIR)/iss-tracker.app/iss-tracker";
			};
			name = Debug;
		};
		3F87245E29C3A84300874E24 /* Release */ = {
			isa = XCBuildConfiguration;
			buildSettings = {
				ALWAYS_EMBED_SWIFT_STANDARD_LIBRARIES = YES;
				BUNDLE_LOADER = "$(TEST_HOST)";
				CODE_SIGN_STYLE = Automatic;
				CURRENT_PROJECT_VERSION = 1;
				GENERATE_INFOPLIST_FILE = YES;
				IPHONEOS_DEPLOYMENT_TARGET = 15.5;
				MARKETING_VERSION = 1.0;
				PRODUCT_BUNDLE_IDENTIFIER = "ahsan.dev.iss-trackerTests";
				PRODUCT_NAME = "$(TARGET_NAME)";
				SWIFT_EMIT_LOC_STRINGS = NO;
				SWIFT_VERSION = 5.0;
				TARGETED_DEVICE_FAMILY = "1,2";
				TEST_HOST = "$(BUILT_PRODUCTS_DIR)/iss-tracker.app/iss-tracker";
			};
			name = Release;
		};
		3F87246029C3A84300874E24 /* Debug */ = {
			isa = XCBuildConfiguration;
			buildSettings = {
				ALWAYS_EMBED_SWIFT_STANDARD_LIBRARIES = YES;
				CODE_SIGN_STYLE = Automatic;
				CURRENT_PROJECT_VERSION = 1;
				GENERATE_INFOPLIST_FILE = YES;
				MARKETING_VERSION = 1.0;
				PRODUCT_BUNDLE_IDENTIFIER = "ahsan.dev.iss-trackerUITests";
				PRODUCT_NAME = "$(TARGET_NAME)";
				SWIFT_EMIT_LOC_STRINGS = NO;
				SWIFT_VERSION = 5.0;
				TARGETED_DEVICE_FAMILY = "1,2";
				TEST_TARGET_NAME = "iss-tracker";
			};
			name = Debug;
		};
		3F87246129C3A84300874E24 /* Release */ = {
			isa = XCBuildConfiguration;
			buildSettings = {
				ALWAYS_EMBED_SWIFT_STANDARD_LIBRARIES = YES;
				CODE_SIGN_STYLE = Automatic;
				CURRENT_PROJECT_VERSION = 1;
				GENERATE_INFOPLIST_FILE = YES;
				MARKETING_VERSION = 1.0;
				PRODUCT_BUNDLE_IDENTIFIER = "ahsan.dev.iss-trackerUITests";
				PRODUCT_NAME = "$(TARGET_NAME)";
				SWIFT_EMIT_LOC_STRINGS = NO;
				SWIFT_VERSION = 5.0;
				TARGETED_DEVICE_FAMILY = "1,2";
				TEST_TARGET_NAME = "iss-tracker";
			};
			name = Release;
		};
/* End XCBuildConfiguration section */

/* Begin XCConfigurationList section */
		3F87243029C3A84000874E24 /* Build configuration list for PBXProject "iss-tracker" */ = {
			isa = XCConfigurationList;
			buildConfigurations = (
				3F87245729C3A84300874E24 /* Debug */,
				3F87245829C3A84300874E24 /* Release */,
			);
			defaultConfigurationIsVisible = 0;
			defaultConfigurationName = Release;
		};
		3F87245929C3A84300874E24 /* Build configuration list for PBXNativeTarget "iss-tracker" */ = {
			isa = XCConfigurationList;
			buildConfigurations = (
				3F87245A29C3A84300874E24 /* Debug */,
				3F87245B29C3A84300874E24 /* Release */,
			);
			defaultConfigurationIsVisible = 0;
			defaultConfigurationName = Release;
		};
		3F87245C29C3A84300874E24 /* Build configuration list for PBXNativeTarget "iss-trackerTests" */ = {
			isa = XCConfigurationList;
			buildConfigurations = (
				3F87245D29C3A84300874E24 /* Debug */,
				3F87245E29C3A84300874E24 /* Release */,
			);
			defaultConfigurationIsVisible = 0;
			defaultConfigurationName = Release;
		};
		3F87245F29C3A84300874E24 /* Build configuration list for PBXNativeTarget "iss-trackerUITests" */ = {
			isa = XCConfigurationList;
			buildConfigurations = (
				3F87246029C3A84300874E24 /* Debug */,
				3F87246129C3A84300874E24 /* Release */,
			);
			defaultConfigurationIsVisible = 0;
			defaultConfigurationName = Release;
		};
/* End XCConfigurationList section */
	};
	rootObject = 3F87242D29C3A84000874E24 /* Project object */;
}
